
Microsoft Visual Studio Solution File, Format Version 12.00
# Visual Studio Version 16
VisualStudioVersion = 16.0.29001.49
MinimumVisualStudioVersion = 10.0.40219.1
Project("{9A19103F-16F7-4668-BE54-9A1E7A4F7556}") = "QLBH", "QLBH\QLBH.csproj", "{81616AB2-B6D4-4B22-AE63-A950968DE26C}"
EndProject
Global
	GlobalSection(SolutionConfigurationPlatforms) = preSolution
		Debug|Any CPU = Debug|Any CPU
		Release|Any CPU = Release|Any CPU
	EndGlobalSection
	GlobalSection(ProjectConfigurationPlatforms) = postSolution
		{81616AB2-B6D4-4B22-AE63-A950968DE26C}.Debug|Any CPU.ActiveCfg = Debug|Any CPU
		{81616AB2-B6D4-4B22-AE63-A950968DE26C}.Debug|Any CPU.Build.0 = Debug|Any CPU
		{81616AB2-B6D4-4B22-AE63-A950968DE26C}.Release|Any CPU.ActiveCfg = Release|Any CPU
		{81616AB2-B6D4-4B22-AE63-A950968DE26C}.Release|Any CPU.Build.0 = Release|Any CPU
	EndGlobalSection
	GlobalSection(SolutionProperties) = preSolution
		HideSolutionNode = FALSE
	EndGlobalSection
	GlobalSection(ExtensibilityGlobals) = postSolution
		SolutionGuid = {EC5BB0B9-7ED2-475A-AE1A-8730E215FC66}
	EndGlobalSection
EndGlobal
